// !$*UTF8*$!
{
	archiveVersion = 1;
	classes = {
	};
	objectVersion = 60;
	objects = {

/* Begin PBXBuildFile section */
		AB01CB0E2C8497900069937C /* UICollectionView+Extensions.swift in Sources */ = {isa = PBXBuildFile; fileRef = AB01CB0D2C8497900069937C /* UICollectionView+Extensions.swift */; };
		AB01CB102C84985B0069937C /* Screen+Extensions.swift in Sources */ = {isa = PBXBuildFile; fileRef = AB01CB0F2C84985B0069937C /* Screen+Extensions.swift */; };
		AB6DBD2F2C68BF510009BB11 /* IdentifyViewController.swift in Sources */ = {isa = PBXBuildFile; fileRef = AB6DBD2E2C68BF510009BB11 /* IdentifyViewController.swift */; };
		AB6DBD382C68CD560009BB11 /* BaseViewController.swift in Sources */ = {isa = PBXBuildFile; fileRef = AB6DBD372C68CD560009BB11 /* BaseViewController.swift */; };
		AB6DBD3D2C68CE9D0009BB11 /* FlowRoutingManager.swift in Sources */ = {isa = PBXBuildFile; fileRef = AB6DBD3C2C68CE9D0009BB11 /* FlowRoutingManager.swift */; };
		AB6DBD3F2C68CEF70009BB11 /* IdentifyViewController.xib in Resources */ = {isa = PBXBuildFile; fileRef = AB6DBD3E2C68CEF70009BB11 /* IdentifyViewController.xib */; };
		AB6DBD422C68D7C30009BB11 /* BaseNavigationController.swift in Sources */ = {isa = PBXBuildFile; fileRef = AB6DBD412C68D7C30009BB11 /* BaseNavigationController.swift */; };
		AB6DBD452C68D8560009BB11 /* Utils.swift in Sources */ = {isa = PBXBuildFile; fileRef = AB6DBD442C68D8560009BB11 /* Utils.swift */; };
		AB6DBD4B2C68DA470009BB11 /* String+Exensions.swift in Sources */ = {isa = PBXBuildFile; fileRef = AB6DBD4A2C68DA470009BB11 /* String+Exensions.swift */; };
		ABACA85B2C96D5AF006C9B77 /* PropertyView.swift in Sources */ = {isa = PBXBuildFile; fileRef = ABACA85A2C96D5AF006C9B77 /* PropertyView.swift */; };
		ABACA85D2C96D5B7006C9B77 /* PropertyView.xib in Resources */ = {isa = PBXBuildFile; fileRef = ABACA85C2C96D5B7006C9B77 /* PropertyView.xib */; };
		ABACA8602C96E0DD006C9B77 /* AddPropertyDialogViewController.swift in Sources */ = {isa = PBXBuildFile; fileRef = ABACA85F2C96E0DD006C9B77 /* AddPropertyDialogViewController.swift */; };
		ABACA8622C96E0E7006C9B77 /* AddPropertyDialogViewController.xib in Resources */ = {isa = PBXBuildFile; fileRef = ABACA8612C96E0E7006C9B77 /* AddPropertyDialogViewController.xib */; };
		ABACA8652C96E3F5006C9B77 /* DialogManager.swift in Sources */ = {isa = PBXBuildFile; fileRef = ABACA8642C96E3F5006C9B77 /* DialogManager.swift */; };
		ABADA1AD2CB3FB5800C6CC61 /* Merriweather-BoldItalic.ttf in Resources */ = {isa = PBXBuildFile; fileRef = ABADA1AC2CB3FB5800C6CC61 /* Merriweather-BoldItalic.ttf */; };
		ABC0AE182C7205CE00BB9F62 /* UserPilotManager.swift in Sources */ = {isa = PBXBuildFile; fileRef = ABC0AE172C7205CE00BB9F62 /* UserPilotManager.swift */; };
		ABC0B5152CB3CBB200139174 /* Merriweather-Regular.ttf in Resources */ = {isa = PBXBuildFile; fileRef = ABC0B5112CB3CBB200139174 /* Merriweather-Regular.ttf */; };
		ABC0B5162CB3CBB200139174 /* Qwitcher-Grypen-Regular.ttf in Resources */ = {isa = PBXBuildFile; fileRef = ABC0B5122CB3CBB200139174 /* Qwitcher-Grypen-Regular.ttf */; };
		ABCDBF402CAEAB970083DF1D /* DeepLinkViewController.swift in Sources */ = {isa = PBXBuildFile; fileRef = ABCDBF3F2CAEAB970083DF1D /* DeepLinkViewController.swift */; };
		ABCDBF442CAEABCE0083DF1D /* DeepLinkViewController.xib in Resources */ = {isa = PBXBuildFile; fileRef = ABCDBF432CAEABCE0083DF1D /* DeepLinkViewController.xib */; };
		ABCDBF462CAEACED0083DF1D /* NibLoadable.swift in Sources */ = {isa = PBXBuildFile; fileRef = ABCDBF452CAEACED0083DF1D /* NibLoadable.swift */; };
		ABED3F5E2C9803D000004D1C /* IdentifyViewController+UserProperties.swift in Sources */ = {isa = PBXBuildFile; fileRef = ABED3F5D2C9803D000004D1C /* IdentifyViewController+UserProperties.swift */; };
		ABED3F602C9803DE00004D1C /* IdentifyViewController+CompanyProperties.swift in Sources */ = {isa = PBXBuildFile; fileRef = ABED3F5F2C9803DE00004D1C /* IdentifyViewController+CompanyProperties.swift */; };
		ABED3F622C98051500004D1C /* UIStackView+Extensions.swift in Sources */ = {isa = PBXBuildFile; fileRef = ABED3F612C98051500004D1C /* UIStackView+Extensions.swift */; };
		ABED3F652C9831BD00004D1C /* MainViewController+TableView.swift in Sources */ = {isa = PBXBuildFile; fileRef = ABED3F642C9831BD00004D1C /* MainViewController+TableView.swift */; };
		ABED3F692C985E2000004D1C /* CustomEventViewController.swift in Sources */ = {isa = PBXBuildFile; fileRef = ABED3F682C985E2000004D1C /* CustomEventViewController.swift */; };
		ABED3F6B2C985E2A00004D1C /* CustomEventViewController.xib in Resources */ = {isa = PBXBuildFile; fileRef = ABED3F6A2C985E2A00004D1C /* CustomEventViewController.xib */; };
		ABEF6D3A2CB3E34800DAB48E /* Merriweather-Bold.ttf in Resources */ = {isa = PBXBuildFile; fileRef = ABEF6D392CB3E34400DAB48E /* Merriweather-Bold.ttf */; };
		ABF38C7C2C73688000013F18 /* MainViewController.swift in Sources */ = {isa = PBXBuildFile; fileRef = ABF38C7B2C73688000013F18 /* MainViewController.swift */; };
		ABF38C7E2C73688900013F18 /* MainViewController.xib in Resources */ = {isa = PBXBuildFile; fileRef = ABF38C7D2C73688900013F18 /* MainViewController.xib */; };
		ABF38C812C73719300013F18 /* Content.swift in Sources */ = {isa = PBXBuildFile; fileRef = ABF38C802C73719300013F18 /* Content.swift */; };
		ABF38C872C73889100013F18 /* ScreenOneViewController.swift in Sources */ = {isa = PBXBuildFile; fileRef = ABF38C862C73889100013F18 /* ScreenOneViewController.swift */; };
		ABF38C892C73889A00013F18 /* ScreenOneViewController.xib in Resources */ = {isa = PBXBuildFile; fileRef = ABF38C882C73889A00013F18 /* ScreenOneViewController.xib */; };
		ABF38C8B2C7388AA00013F18 /* ScreenTwoViewController.swift in Sources */ = {isa = PBXBuildFile; fileRef = ABF38C8A2C7388AA00013F18 /* ScreenTwoViewController.swift */; };
		ABF38C8D2C7388B200013F18 /* ScreenTwoViewController.xib in Resources */ = {isa = PBXBuildFile; fileRef = ABF38C8C2C7388B200013F18 /* ScreenTwoViewController.xib */; };
		ABFB5FD82C916E500054E142 /* EventsViewController.swift in Sources */ = {isa = PBXBuildFile; fileRef = ABFB5FD72C916E500054E142 /* EventsViewController.swift */; };
		ABFB5FDA2C916E590054E142 /* EventsViewController.xib in Resources */ = {isa = PBXBuildFile; fileRef = ABFB5FD92C916E590054E142 /* EventsViewController.xib */; };
		ABFB5FDE2C9171600054E142 /* EventTableViewCell.swift in Sources */ = {isa = PBXBuildFile; fileRef = ABFB5FDC2C9171600054E142 /* EventTableViewCell.swift */; };
		ABFB5FDF2C9171600054E142 /* EventTableViewCell.xib in Resources */ = {isa = PBXBuildFile; fileRef = ABFB5FDD2C9171600054E142 /* EventTableViewCell.xib */; };
		ABFB5FE42C9173D60054E142 /* CardView.swift in Sources */ = {isa = PBXBuildFile; fileRef = ABFB5FE32C9173D60054E142 /* CardView.swift */; };
		ABFB5FE62C91743B0054E142 /* OutlineButton.swift in Sources */ = {isa = PBXBuildFile; fileRef = ABFB5FE52C91743B0054E142 /* OutlineButton.swift */; };
		ABFB5FE82C9175030054E142 /* UITableReusableView+Extension.swift in Sources */ = {isa = PBXBuildFile; fileRef = ABFB5FE72C9175030054E142 /* UITableReusableView+Extension.swift */; };
		C5C897B92C5CFFFA0083928E /* AppDelegate.swift in Sources */ = {isa = PBXBuildFile; fileRef = C5C897B82C5CFFFA0083928E /* AppDelegate.swift */; };
		C5C897BB2C5CFFFA0083928E /* SceneDelegate.swift in Sources */ = {isa = PBXBuildFile; fileRef = C5C897BA2C5CFFFA0083928E /* SceneDelegate.swift */; };
		C5C897C22C5CFFFB0083928E /* Assets.xcassets in Resources */ = {isa = PBXBuildFile; fileRef = C5C897C12C5CFFFB0083928E /* Assets.xcassets */; };
		C5C897C52C5CFFFB0083928E /* LaunchScreen.storyboard in Resources */ = {isa = PBXBuildFile; fileRef = C5C897C32C5CFFFB0083928E /* LaunchScreen.storyboard */; };
		C5C897CE2C5D00090083928E /* UserPilot in Frameworks */ = {isa = PBXBuildFile; productRef = C5C897CD2C5D00090083928E /* UserPilot */; };
/* End PBXBuildFile section */

/* Begin PBXFileReference section */
		AB01CB0D2C8497900069937C /* UICollectionView+Extensions.swift */ = {isa = PBXFileReference; lastKnownFileType = sourcecode.swift; path = "UICollectionView+Extensions.swift"; sourceTree = "<group>"; };
		AB01CB0F2C84985B0069937C /* Screen+Extensions.swift */ = {isa = PBXFileReference; lastKnownFileType = sourcecode.swift; path = "Screen+Extensions.swift"; sourceTree = "<group>"; };
		AB6DBD2E2C68BF510009BB11 /* IdentifyViewController.swift */ = {isa = PBXFileReference; lastKnownFileType = sourcecode.swift; path = IdentifyViewController.swift; sourceTree = "<group>"; };
		AB6DBD372C68CD560009BB11 /* BaseViewController.swift */ = {isa = PBXFileReference; lastKnownFileType = sourcecode.swift; path = BaseViewController.swift; sourceTree = "<group>"; };
		AB6DBD3C2C68CE9D0009BB11 /* FlowRoutingManager.swift */ = {isa = PBXFileReference; lastKnownFileType = sourcecode.swift; path = FlowRoutingManager.swift; sourceTree = "<group>"; };
		AB6DBD3E2C68CEF70009BB11 /* IdentifyViewController.xib */ = {isa = PBXFileReference; lastKnownFileType = file.xib; path = IdentifyViewController.xib; sourceTree = "<group>"; };
		AB6DBD412C68D7C30009BB11 /* BaseNavigationController.swift */ = {isa = PBXFileReference; lastKnownFileType = sourcecode.swift; path = BaseNavigationController.swift; sourceTree = "<group>"; };
		AB6DBD442C68D8560009BB11 /* Utils.swift */ = {isa = PBXFileReference; lastKnownFileType = sourcecode.swift; path = Utils.swift; sourceTree = "<group>"; };
		AB6DBD4A2C68DA470009BB11 /* String+Exensions.swift */ = {isa = PBXFileReference; lastKnownFileType = sourcecode.swift; path = "String+Exensions.swift"; sourceTree = "<group>"; };
		ABACA85A2C96D5AF006C9B77 /* PropertyView.swift */ = {isa = PBXFileReference; lastKnownFileType = sourcecode.swift; path = PropertyView.swift; sourceTree = "<group>"; };
		ABACA85C2C96D5B7006C9B77 /* PropertyView.xib */ = {isa = PBXFileReference; lastKnownFileType = file.xib; path = PropertyView.xib; sourceTree = "<group>"; };
		ABACA85F2C96E0DD006C9B77 /* AddPropertyDialogViewController.swift */ = {isa = PBXFileReference; lastKnownFileType = sourcecode.swift; path = AddPropertyDialogViewController.swift; sourceTree = "<group>"; };
		ABACA8612C96E0E7006C9B77 /* AddPropertyDialogViewController.xib */ = {isa = PBXFileReference; lastKnownFileType = file.xib; path = AddPropertyDialogViewController.xib; sourceTree = "<group>"; };
		ABACA8642C96E3F5006C9B77 /* DialogManager.swift */ = {isa = PBXFileReference; lastKnownFileType = sourcecode.swift; path = DialogManager.swift; sourceTree = "<group>"; };
		ABADA1AC2CB3FB5800C6CC61 /* Merriweather-BoldItalic.ttf */ = {isa = PBXFileReference; lastKnownFileType = file; path = "Merriweather-BoldItalic.ttf"; sourceTree = "<group>"; };
		ABC0AE172C7205CE00BB9F62 /* UserPilotManager.swift */ = {isa = PBXFileReference; lastKnownFileType = sourcecode.swift; path = UserPilotManager.swift; sourceTree = "<group>"; };
		ABC0B5112CB3CBB200139174 /* Merriweather-Regular.ttf */ = {isa = PBXFileReference; lastKnownFileType = file; path = "Merriweather-Regular.ttf"; sourceTree = "<group>"; };
		ABC0B5122CB3CBB200139174 /* Qwitcher-Grypen-Regular.ttf */ = {isa = PBXFileReference; lastKnownFileType = file; path = "Qwitcher-Grypen-Regular.ttf"; sourceTree = "<group>"; };
		ABCDBF3F2CAEAB970083DF1D /* DeepLinkViewController.swift */ = {isa = PBXFileReference; lastKnownFileType = sourcecode.swift; path = DeepLinkViewController.swift; sourceTree = "<group>"; };
		ABCDBF432CAEABCE0083DF1D /* DeepLinkViewController.xib */ = {isa = PBXFileReference; lastKnownFileType = file.xib; path = DeepLinkViewController.xib; sourceTree = "<group>"; };
		ABCDBF452CAEACED0083DF1D /* NibLoadable.swift */ = {isa = PBXFileReference; lastKnownFileType = sourcecode.swift; path = NibLoadable.swift; sourceTree = "<group>"; };
		ABED3F5D2C9803D000004D1C /* IdentifyViewController+UserProperties.swift */ = {isa = PBXFileReference; lastKnownFileType = sourcecode.swift; path = "IdentifyViewController+UserProperties.swift"; sourceTree = "<group>"; };
		ABED3F5F2C9803DE00004D1C /* IdentifyViewController+CompanyProperties.swift */ = {isa = PBXFileReference; lastKnownFileType = sourcecode.swift; path = "IdentifyViewController+CompanyProperties.swift"; sourceTree = "<group>"; };
		ABED3F612C98051500004D1C /* UIStackView+Extensions.swift */ = {isa = PBXFileReference; lastKnownFileType = sourcecode.swift; path = "UIStackView+Extensions.swift"; sourceTree = "<group>"; };
		ABED3F642C9831BD00004D1C /* MainViewController+TableView.swift */ = {isa = PBXFileReference; lastKnownFileType = sourcecode.swift; path = "MainViewController+TableView.swift"; sourceTree = "<group>"; };
		ABED3F682C985E2000004D1C /* CustomEventViewController.swift */ = {isa = PBXFileReference; lastKnownFileType = sourcecode.swift; path = CustomEventViewController.swift; sourceTree = "<group>"; };
		ABED3F6A2C985E2A00004D1C /* CustomEventViewController.xib */ = {isa = PBXFileReference; lastKnownFileType = file.xib; path = CustomEventViewController.xib; sourceTree = "<group>"; };
		ABEF6D392CB3E34400DAB48E /* Merriweather-Bold.ttf */ = {isa = PBXFileReference; lastKnownFileType = file; path = "Merriweather-Bold.ttf"; sourceTree = "<group>"; };
		ABF38C7B2C73688000013F18 /* MainViewController.swift */ = {isa = PBXFileReference; lastKnownFileType = sourcecode.swift; path = MainViewController.swift; sourceTree = "<group>"; };
		ABF38C7D2C73688900013F18 /* MainViewController.xib */ = {isa = PBXFileReference; lastKnownFileType = file.xib; path = MainViewController.xib; sourceTree = "<group>"; };
		ABF38C802C73719300013F18 /* Content.swift */ = {isa = PBXFileReference; lastKnownFileType = sourcecode.swift; path = Content.swift; sourceTree = "<group>"; };
		ABF38C862C73889100013F18 /* ScreenOneViewController.swift */ = {isa = PBXFileReference; lastKnownFileType = sourcecode.swift; path = ScreenOneViewController.swift; sourceTree = "<group>"; };
		ABF38C882C73889A00013F18 /* ScreenOneViewController.xib */ = {isa = PBXFileReference; lastKnownFileType = file.xib; path = ScreenOneViewController.xib; sourceTree = "<group>"; };
		ABF38C8A2C7388AA00013F18 /* ScreenTwoViewController.swift */ = {isa = PBXFileReference; lastKnownFileType = sourcecode.swift; path = ScreenTwoViewController.swift; sourceTree = "<group>"; };
		ABF38C8C2C7388B200013F18 /* ScreenTwoViewController.xib */ = {isa = PBXFileReference; lastKnownFileType = file.xib; path = ScreenTwoViewController.xib; sourceTree = "<group>"; };
		ABFB5FD72C916E500054E142 /* EventsViewController.swift */ = {isa = PBXFileReference; lastKnownFileType = sourcecode.swift; path = EventsViewController.swift; sourceTree = "<group>"; };
		ABFB5FD92C916E590054E142 /* EventsViewController.xib */ = {isa = PBXFileReference; lastKnownFileType = file.xib; path = EventsViewController.xib; sourceTree = "<group>"; };
		ABFB5FDC2C9171600054E142 /* EventTableViewCell.swift */ = {isa = PBXFileReference; lastKnownFileType = sourcecode.swift; path = EventTableViewCell.swift; sourceTree = "<group>"; };
		ABFB5FDD2C9171600054E142 /* EventTableViewCell.xib */ = {isa = PBXFileReference; lastKnownFileType = file.xib; path = EventTableViewCell.xib; sourceTree = "<group>"; };
		ABFB5FE32C9173D60054E142 /* CardView.swift */ = {isa = PBXFileReference; lastKnownFileType = sourcecode.swift; path = CardView.swift; sourceTree = "<group>"; };
		ABFB5FE52C91743B0054E142 /* OutlineButton.swift */ = {isa = PBXFileReference; lastKnownFileType = sourcecode.swift; path = OutlineButton.swift; sourceTree = "<group>"; };
		ABFB5FE72C9175030054E142 /* UITableReusableView+Extension.swift */ = {isa = PBXFileReference; lastKnownFileType = sourcecode.swift; path = "UITableReusableView+Extension.swift"; sourceTree = "<group>"; };
		C5C897B52C5CFFFA0083928E /* UserPilotSample.app */ = {isa = PBXFileReference; explicitFileType = wrapper.application; includeInIndex = 0; path = UserPilotSample.app; sourceTree = BUILT_PRODUCTS_DIR; };
		C5C897B82C5CFFFA0083928E /* AppDelegate.swift */ = {isa = PBXFileReference; lastKnownFileType = sourcecode.swift; path = AppDelegate.swift; sourceTree = "<group>"; };
		C5C897BA2C5CFFFA0083928E /* SceneDelegate.swift */ = {isa = PBXFileReference; lastKnownFileType = sourcecode.swift; path = SceneDelegate.swift; sourceTree = "<group>"; };
		C5C897C12C5CFFFB0083928E /* Assets.xcassets */ = {isa = PBXFileReference; lastKnownFileType = folder.assetcatalog; path = Assets.xcassets; sourceTree = "<group>"; };
		C5C897C42C5CFFFB0083928E /* Base */ = {isa = PBXFileReference; lastKnownFileType = file.storyboard; name = Base; path = Base.lproj/LaunchScreen.storyboard; sourceTree = "<group>"; };
		C5C897C62C5CFFFB0083928E /* Info.plist */ = {isa = PBXFileReference; lastKnownFileType = text.plist.xml; path = Info.plist; sourceTree = "<group>"; };
/* End PBXFileReference section */

/* Begin PBXFrameworksBuildPhase section */
		C5C897B22C5CFFFA0083928E /* Frameworks */ = {
			isa = PBXFrameworksBuildPhase;
			buildActionMask = 2147483647;
			files = (
				C5C897CE2C5D00090083928E /* UserPilot in Frameworks */,
			);
			runOnlyForDeploymentPostprocessing = 0;
		};
/* End PBXFrameworksBuildPhase section */

/* Begin PBXGroup section */
		AB6DBD2D2C68BF450009BB11 /* Identify */ = {
			isa = PBXGroup;
			children = (
				ABED3F5C2C9803AD00004D1C /* Extensions */,
				AB6DBD2E2C68BF510009BB11 /* IdentifyViewController.swift */,
				AB6DBD3E2C68CEF70009BB11 /* IdentifyViewController.xib */,
			);
			path = Identify;
			sourceTree = "<group>";
		};
		AB6DBD322C68BF660009BB11 /* Managers */ = {
			isa = PBXGroup;
			children = (
				ABACA8632C96E3E9006C9B77 /* UI */,
				ABC0AE162C7205BA00BB9F62 /* UserPilot */,
				AB6DBD3B2C68CDB90009BB11 /* Routing */,
			);
			path = Managers;
			sourceTree = "<group>";
		};
		AB6DBD352C68CD3B0009BB11 /* Featues */ = {
			isa = PBXGroup;
			children = (
				ABCDBF3E2CAEAB250083DF1D /* DeepLink */,
				ABFB5FD62C916E410054E142 /* Events */,
				ABF38C822C73886300013F18 /* ScreensFlow */,
				AB6DBD402C68D2180009BB11 /* Main */,
				AB6DBD362C68CD450009BB11 /* core */,
				AB6DBD2D2C68BF450009BB11 /* Identify */,
			);
			path = Featues;
			sourceTree = "<group>";
		};
		AB6DBD362C68CD450009BB11 /* core */ = {
			isa = PBXGroup;
			children = (
				AB6DBD372C68CD560009BB11 /* BaseViewController.swift */,
				AB6DBD412C68D7C30009BB11 /* BaseNavigationController.swift */,
			);
			path = core;
			sourceTree = "<group>";
		};
		AB6DBD3B2C68CDB90009BB11 /* Routing */ = {
			isa = PBXGroup;
			children = (
				AB6DBD3C2C68CE9D0009BB11 /* FlowRoutingManager.swift */,
			);
			path = Routing;
			sourceTree = "<group>";
		};
		AB6DBD402C68D2180009BB11 /* Main */ = {
			isa = PBXGroup;
			children = (
				ABED3F632C9831AC00004D1C /* Extensions */,
				ABF38C7F2C73713100013F18 /* Models */,
				ABF38C7B2C73688000013F18 /* MainViewController.swift */,
				ABF38C7D2C73688900013F18 /* MainViewController.xib */,
			);
			path = Main;
			sourceTree = "<group>";
		};
		AB6DBD432C68D83B0009BB11 /* Helpers */ = {
			isa = PBXGroup;
			children = (
				AB6DBD442C68D8560009BB11 /* Utils.swift */,
				ABCDBF452CAEACED0083DF1D /* NibLoadable.swift */,
			);
			name = Helpers;
			sourceTree = "<group>";
		};
		AB6DBD462C68D9350009BB11 /* CustomViews */ = {
			isa = PBXGroup;
			children = (
				ABACA8592C96D591006C9B77 /* PropertyView */,
				ABFB5FE32C9173D60054E142 /* CardView.swift */,
				ABFB5FE52C91743B0054E142 /* OutlineButton.swift */,
			);
			path = CustomViews;
			sourceTree = "<group>";
		};
		AB6DBD492C68DA370009BB11 /* Extensions */ = {
			isa = PBXGroup;
			children = (
				AB6DBD4A2C68DA470009BB11 /* String+Exensions.swift */,
				AB01CB0D2C8497900069937C /* UICollectionView+Extensions.swift */,
				AB01CB0F2C84985B0069937C /* Screen+Extensions.swift */,
				ABFB5FE72C9175030054E142 /* UITableReusableView+Extension.swift */,
				ABED3F612C98051500004D1C /* UIStackView+Extensions.swift */,
			);
			path = Extensions;
			sourceTree = "<group>";
		};
		ABACA8592C96D591006C9B77 /* PropertyView */ = {
			isa = PBXGroup;
			children = (
				ABACA85A2C96D5AF006C9B77 /* PropertyView.swift */,
				ABACA85C2C96D5B7006C9B77 /* PropertyView.xib */,
			);
			path = PropertyView;
			sourceTree = "<group>";
		};
		ABACA85E2C96E0C2006C9B77 /* Dialogs */ = {
			isa = PBXGroup;
			children = (
				ABACA85F2C96E0DD006C9B77 /* AddPropertyDialogViewController.swift */,
				ABACA8612C96E0E7006C9B77 /* AddPropertyDialogViewController.xib */,
			);
			path = Dialogs;
			sourceTree = "<group>";
		};
		ABACA8632C96E3E9006C9B77 /* UI */ = {
			isa = PBXGroup;
			children = (
				ABACA8642C96E3F5006C9B77 /* DialogManager.swift */,
			);
			path = UI;
			sourceTree = "<group>";
		};
		ABC0AE162C7205BA00BB9F62 /* UserPilot */ = {
			isa = PBXGroup;
			children = (
				ABC0AE172C7205CE00BB9F62 /* UserPilotManager.swift */,
			);
			path = UserPilot;
			sourceTree = "<group>";
		};
		ABC0B5132CB3CBB200139174 /* Fonts */ = {
			isa = PBXGroup;
			children = (
				ABADA1AC2CB3FB5800C6CC61 /* Merriweather-BoldItalic.ttf */,
				ABEF6D392CB3E34400DAB48E /* Merriweather-Bold.ttf */,
				ABC0B5112CB3CBB200139174 /* Merriweather-Regular.ttf */,
				ABC0B5122CB3CBB200139174 /* Qwitcher-Grypen-Regular.ttf */,
			);
			path = Fonts;
			sourceTree = "<group>";
		};
		ABC0B5142CB3CBB200139174 /* Resources */ = {
			isa = PBXGroup;
			children = (
				ABC0B5132CB3CBB200139174 /* Fonts */,
			);
			path = Resources;
			sourceTree = "<group>";
		};
		ABCDBF3E2CAEAB250083DF1D /* DeepLink */ = {
			isa = PBXGroup;
			children = (
				ABCDBF3F2CAEAB970083DF1D /* DeepLinkViewController.swift */,
				ABCDBF432CAEABCE0083DF1D /* DeepLinkViewController.xib */,
			);
			path = DeepLink;
			sourceTree = "<group>";
		};
		ABED3F5C2C9803AD00004D1C /* Extensions */ = {
			isa = PBXGroup;
			children = (
				ABED3F5D2C9803D000004D1C /* IdentifyViewController+UserProperties.swift */,
				ABED3F5F2C9803DE00004D1C /* IdentifyViewController+CompanyProperties.swift */,
			);
			path = Extensions;
			sourceTree = "<group>";
		};
		ABED3F632C9831AC00004D1C /* Extensions */ = {
			isa = PBXGroup;
			children = (
				ABED3F642C9831BD00004D1C /* MainViewController+TableView.swift */,
			);
			path = Extensions;
			sourceTree = "<group>";
		};
		ABED3F662C985DFA00004D1C /* CustomEvent */ = {
			isa = PBXGroup;
			children = (
				ABED3F682C985E2000004D1C /* CustomEventViewController.swift */,
				ABED3F6A2C985E2A00004D1C /* CustomEventViewController.xib */,
			);
			path = CustomEvent;
			sourceTree = "<group>";
		};
		ABED3F672C985E0B00004D1C /* Eventslist */ = {
			isa = PBXGroup;
			children = (
				ABFB5FDB2C91713B0054E142 /* Cells */,
				ABFB5FD72C916E500054E142 /* EventsViewController.swift */,
				ABFB5FD92C916E590054E142 /* EventsViewController.xib */,
			);
			path = Eventslist;
			sourceTree = "<group>";
		};
		ABF38C7F2C73713100013F18 /* Models */ = {
			isa = PBXGroup;
			children = (
				ABF38C802C73719300013F18 /* Content.swift */,
			);
			path = Models;
			sourceTree = "<group>";
		};
		ABF38C822C73886300013F18 /* ScreensFlow */ = {
			isa = PBXGroup;
			children = (
				ABF38C842C73887500013F18 /* ScreenTwo */,
				ABF38C832C73887000013F18 /* ScreenOne */,
			);
			path = ScreensFlow;
			sourceTree = "<group>";
		};
		ABF38C832C73887000013F18 /* ScreenOne */ = {
			isa = PBXGroup;
			children = (
				ABF38C862C73889100013F18 /* ScreenOneViewController.swift */,
				ABF38C882C73889A00013F18 /* ScreenOneViewController.xib */,
			);
			path = ScreenOne;
			sourceTree = "<group>";
		};
		ABF38C842C73887500013F18 /* ScreenTwo */ = {
			isa = PBXGroup;
			children = (
				ABF38C8A2C7388AA00013F18 /* ScreenTwoViewController.swift */,
				ABF38C8C2C7388B200013F18 /* ScreenTwoViewController.xib */,
			);
			path = ScreenTwo;
			sourceTree = "<group>";
		};
		ABFB5FD62C916E410054E142 /* Events */ = {
			isa = PBXGroup;
			children = (
				ABED3F672C985E0B00004D1C /* Eventslist */,
				ABED3F662C985DFA00004D1C /* CustomEvent */,
			);
			path = Events;
			sourceTree = "<group>";
		};
		ABFB5FDB2C91713B0054E142 /* Cells */ = {
			isa = PBXGroup;
			children = (
				ABFB5FDC2C9171600054E142 /* EventTableViewCell.swift */,
				ABFB5FDD2C9171600054E142 /* EventTableViewCell.xib */,
			);
			path = Cells;
			sourceTree = "<group>";
		};
		C5C897AC2C5CFFFA0083928E = {
			isa = PBXGroup;
			children = (
				C5C897B72C5CFFFA0083928E /* UserPilotSample */,
				C5C897B62C5CFFFA0083928E /* Products */,
			);
			sourceTree = "<group>";
		};
		C5C897B62C5CFFFA0083928E /* Products */ = {
			isa = PBXGroup;
			children = (
				C5C897B52C5CFFFA0083928E /* UserPilotSample.app */,
			);
			name = Products;
			sourceTree = "<group>";
		};
		C5C897B72C5CFFFA0083928E /* UserPilotSample */ = {
			isa = PBXGroup;
			children = (
				ABC0B5142CB3CBB200139174 /* Resources */,
				ABACA85E2C96E0C2006C9B77 /* Dialogs */,
				AB6DBD492C68DA370009BB11 /* Extensions */,
				AB6DBD462C68D9350009BB11 /* CustomViews */,
				AB6DBD432C68D83B0009BB11 /* Helpers */,
				AB6DBD352C68CD3B0009BB11 /* Featues */,
				AB6DBD322C68BF660009BB11 /* Managers */,
				C5C897B82C5CFFFA0083928E /* AppDelegate.swift */,
				C5C897BA2C5CFFFA0083928E /* SceneDelegate.swift */,
				C5C897C12C5CFFFB0083928E /* Assets.xcassets */,
				C5C897C32C5CFFFB0083928E /* LaunchScreen.storyboard */,
				C5C897C62C5CFFFB0083928E /* Info.plist */,
			);
			path = UserPilotSample;
			sourceTree = "<group>";
		};
/* End PBXGroup section */

/* Begin PBXNativeTarget section */
		C5C897B42C5CFFFA0083928E /* UserPilotSample */ = {
			isa = PBXNativeTarget;
			buildConfigurationList = C5C897C92C5CFFFB0083928E /* Build configuration list for PBXNativeTarget "UserPilotSample" */;
			buildPhases = (
				C5C897B12C5CFFFA0083928E /* Sources */,
				C5C897B22C5CFFFA0083928E /* Frameworks */,
				C5C897B32C5CFFFA0083928E /* Resources */,
				AB20F94D2C5E62D8008C0157 /* SwiftLint */,
			);
			buildRules = (
			);
			dependencies = (
			);
			name = UserPilotSample;
			packageProductDependencies = (
				C5C897CD2C5D00090083928E /* UserPilot */,
			);
			productName = UserPilotSample;
			productReference = C5C897B52C5CFFFA0083928E /* UserPilotSample.app */;
			productType = "com.apple.product-type.application";
		};
/* End PBXNativeTarget section */

/* Begin PBXProject section */
		C5C897AD2C5CFFFA0083928E /* Project object */ = {
			isa = PBXProject;
			attributes = {
				BuildIndependentTargetsInParallel = 1;
				LastSwiftUpdateCheck = 1520;
				LastUpgradeCheck = 1520;
				TargetAttributes = {
					C5C897B42C5CFFFA0083928E = {
						CreatedOnToolsVersion = 15.2;
					};
				};
			};
			buildConfigurationList = C5C897B02C5CFFFA0083928E /* Build configuration list for PBXProject "UserPilotSample" */;
			compatibilityVersion = "Xcode 14.0";
			developmentRegion = en;
			hasScannedForEncodings = 0;
			knownRegions = (
				en,
				Base,
			);
			mainGroup = C5C897AC2C5CFFFA0083928E;
			packageReferences = (
				C5C897CC2C5D00090083928E /* XCLocalSwiftPackageReference "../.." */,
			);
			productRefGroup = C5C897B62C5CFFFA0083928E /* Products */;
			projectDirPath = "";
			projectRoot = "";
			targets = (
				C5C897B42C5CFFFA0083928E /* UserPilotSample */,
			);
		};
/* End PBXProject section */

/* Begin PBXResourcesBuildPhase section */
		C5C897B32C5CFFFA0083928E /* Resources */ = {
			isa = PBXResourcesBuildPhase;
			buildActionMask = 2147483647;
			files = (
				ABFB5FDF2C9171600054E142 /* EventTableViewCell.xib in Resources */,
				AB6DBD3F2C68CEF70009BB11 /* IdentifyViewController.xib in Resources */,
				ABCDBF442CAEABCE0083DF1D /* DeepLinkViewController.xib in Resources */,
				ABF38C8D2C7388B200013F18 /* ScreenTwoViewController.xib in Resources */,
				ABED3F6B2C985E2A00004D1C /* CustomEventViewController.xib in Resources */,
				C5C897C52C5CFFFB0083928E /* LaunchScreen.storyboard in Resources */,
				ABFB5FDA2C916E590054E142 /* EventsViewController.xib in Resources */,
				ABC0B5162CB3CBB200139174 /* Qwitcher-Grypen-Regular.ttf in Resources */,
				ABF38C7E2C73688900013F18 /* MainViewController.xib in Resources */,
				ABC0B5152CB3CBB200139174 /* Merriweather-Regular.ttf in Resources */,
				ABADA1AD2CB3FB5800C6CC61 /* Merriweather-BoldItalic.ttf in Resources */,
				ABACA8622C96E0E7006C9B77 /* AddPropertyDialogViewController.xib in Resources */,
				C5C897C22C5CFFFB0083928E /* Assets.xcassets in Resources */,
				ABEF6D3A2CB3E34800DAB48E /* Merriweather-Bold.ttf in Resources */,
				ABACA85D2C96D5B7006C9B77 /* PropertyView.xib in Resources */,
				ABF38C892C73889A00013F18 /* ScreenOneViewController.xib in Resources */,
			);
			runOnlyForDeploymentPostprocessing = 0;
		};
/* End PBXResourcesBuildPhase section */

/* Begin PBXShellScriptBuildPhase section */
		AB20F94D2C5E62D8008C0157 /* SwiftLint */ = {
			isa = PBXShellScriptBuildPhase;
			alwaysOutOfDate = 1;
			buildActionMask = 2147483647;
			files = (
			);
			inputFileListPaths = (
			);
			inputPaths = (
			);
			name = SwiftLint;
			outputFileListPaths = (
			);
			outputPaths = (
			);
			runOnlyForDeploymentPostprocessing = 0;
			shellPath = /bin/sh;
			shellScript = "if [[ \"$(uname -m)\" == arm64 ]]; then\n    export PATH=\"/opt/homebrew/bin:$PATH\"\nfi\n\nif which swiftlint > /dev/null; then\n  swiftlint --fix && swiftlint\nelse\n  echo \"warning: SwiftLint not installed, download from https://github.com/realm/SwiftLint\"\nfi\n";
			showEnvVarsInLog = 0;
		};
/* End PBXShellScriptBuildPhase section */

/* Begin PBXSourcesBuildPhase section */
		C5C897B12C5CFFFA0083928E /* Sources */ = {
			isa = PBXSourcesBuildPhase;
			buildActionMask = 2147483647;
			files = (
				AB6DBD2F2C68BF510009BB11 /* IdentifyViewController.swift in Sources */,
				AB01CB0E2C8497900069937C /* UICollectionView+Extensions.swift in Sources */,
				ABFB5FE62C91743B0054E142 /* OutlineButton.swift in Sources */,
				ABCDBF462CAEACED0083DF1D /* NibLoadable.swift in Sources */,
				C5C897B92C5CFFFA0083928E /* AppDelegate.swift in Sources */,
				AB6DBD452C68D8560009BB11 /* Utils.swift in Sources */,
				ABC0AE182C7205CE00BB9F62 /* UserPilotManager.swift in Sources */,
				ABF38C8B2C7388AA00013F18 /* ScreenTwoViewController.swift in Sources */,
				ABF38C7C2C73688000013F18 /* MainViewController.swift in Sources */,
				ABF38C812C73719300013F18 /* Content.swift in Sources */,
				ABED3F692C985E2000004D1C /* CustomEventViewController.swift in Sources */,
				ABF38C872C73889100013F18 /* ScreenOneViewController.swift in Sources */,
				ABCDBF402CAEAB970083DF1D /* DeepLinkViewController.swift in Sources */,
				ABFB5FD82C916E500054E142 /* EventsViewController.swift in Sources */,
				ABACA85B2C96D5AF006C9B77 /* PropertyView.swift in Sources */,
				AB6DBD4B2C68DA470009BB11 /* String+Exensions.swift in Sources */,
				AB01CB102C84985B0069937C /* Screen+Extensions.swift in Sources */,
				ABED3F5E2C9803D000004D1C /* IdentifyViewController+UserProperties.swift in Sources */,
				ABED3F602C9803DE00004D1C /* IdentifyViewController+CompanyProperties.swift in Sources */,
				AB6DBD422C68D7C30009BB11 /* BaseNavigationController.swift in Sources */,
				ABACA8652C96E3F5006C9B77 /* DialogManager.swift in Sources */,
				AB6DBD382C68CD560009BB11 /* BaseViewController.swift in Sources */,
				AB6DBD3D2C68CE9D0009BB11 /* FlowRoutingManager.swift in Sources */,
				ABFB5FE82C9175030054E142 /* UITableReusableView+Extension.swift in Sources */,
				ABFB5FE42C9173D60054E142 /* CardView.swift in Sources */,
				ABACA8602C96E0DD006C9B77 /* AddPropertyDialogViewController.swift in Sources */,
				ABFB5FDE2C9171600054E142 /* EventTableViewCell.swift in Sources */,
				ABED3F652C9831BD00004D1C /* MainViewController+TableView.swift in Sources */,
				ABED3F622C98051500004D1C /* UIStackView+Extensions.swift in Sources */,
				C5C897BB2C5CFFFA0083928E /* SceneDelegate.swift in Sources */,
			);
			runOnlyForDeploymentPostprocessing = 0;
		};
/* End PBXSourcesBuildPhase section */

/* Begin PBXVariantGroup section */
		C5C897C32C5CFFFB0083928E /* LaunchScreen.storyboard */ = {
			isa = PBXVariantGroup;
			children = (
				C5C897C42C5CFFFB0083928E /* Base */,
			);
			name = LaunchScreen.storyboard;
			sourceTree = "<group>";
		};
/* End PBXVariantGroup section */

/* Begin XCBuildConfiguration section */
		C5C897C72C5CFFFB0083928E /* Debug */ = {
			isa = XCBuildConfiguration;
			buildSettings = {
				ALWAYS_SEARCH_USER_PATHS = NO;
				ASSETCATALOG_COMPILER_GENERATE_SWIFT_ASSET_SYMBOL_EXTENSIONS = YES;
				CLANG_ANALYZER_NONNULL = YES;
				CLANG_ANALYZER_NUMBER_OBJECT_CONVERSION = YES_AGGRESSIVE;
				CLANG_CXX_LANGUAGE_STANDARD = "gnu++20";
				CLANG_ENABLE_MODULES = YES;
				CLANG_ENABLE_OBJC_ARC = YES;
				CLANG_ENABLE_OBJC_WEAK = YES;
				CLANG_WARN_BLOCK_CAPTURE_AUTORELEASING = YES;
				CLANG_WARN_BOOL_CONVERSION = YES;
				CLANG_WARN_COMMA = YES;
				CLANG_WARN_CONSTANT_CONVERSION = YES;
				CLANG_WARN_DEPRECATED_OBJC_IMPLEMENTATIONS = YES;
				CLANG_WARN_DIRECT_OBJC_ISA_USAGE = YES_ERROR;
				CLANG_WARN_DOCUMENTATION_COMMENTS = YES;
				CLANG_WARN_EMPTY_BODY = YES;
				CLANG_WARN_ENUM_CONVERSION = YES;
				CLANG_WARN_INFINITE_RECURSION = YES;
				CLANG_WARN_INT_CONVERSION = YES;
				CLANG_WARN_NON_LITERAL_NULL_CONVERSION = YES;
				CLANG_WARN_OBJC_IMPLICIT_RETAIN_SELF = YES;
				CLANG_WARN_OBJC_LITERAL_CONVERSION = YES;
				CLANG_WARN_OBJC_ROOT_CLASS = YES_ERROR;
				CLANG_WARN_QUOTED_INCLUDE_IN_FRAMEWORK_HEADER = YES;
				CLANG_WARN_RANGE_LOOP_ANALYSIS = YES;
				CLANG_WARN_STRICT_PROTOTYPES = YES;
				CLANG_WARN_SUSPICIOUS_MOVE = YES;
				CLANG_WARN_UNGUARDED_AVAILABILITY = YES_AGGRESSIVE;
				CLANG_WARN_UNREACHABLE_CODE = YES;
				CLANG_WARN__DUPLICATE_METHOD_MATCH = YES;
				COPY_PHASE_STRIP = NO;
				DEBUG_INFORMATION_FORMAT = dwarf;
				ENABLE_STRICT_OBJC_MSGSEND = YES;
				ENABLE_TESTABILITY = YES;
				ENABLE_USER_SCRIPT_SANDBOXING = YES;
				GCC_C_LANGUAGE_STANDARD = gnu17;
				GCC_DYNAMIC_NO_PIC = NO;
				GCC_NO_COMMON_BLOCKS = YES;
				GCC_OPTIMIZATION_LEVEL = 0;
				GCC_PREPROCESSOR_DEFINITIONS = (
					"DEBUG=1",
					"$(inherited)",
				);
				GCC_WARN_64_TO_32_BIT_CONVERSION = YES;
				GCC_WARN_ABOUT_RETURN_TYPE = YES_ERROR;
				GCC_WARN_UNDECLARED_SELECTOR = YES;
				GCC_WARN_UNINITIALIZED_AUTOS = YES_AGGRESSIVE;
				GCC_WARN_UNUSED_FUNCTION = YES;
				GCC_WARN_UNUSED_VARIABLE = YES;
				IPHONEOS_DEPLOYMENT_TARGET = 17.2;
				LOCALIZATION_PREFERS_STRING_CATALOGS = YES;
				MTL_ENABLE_DEBUG_INFO = INCLUDE_SOURCE;
				MTL_FAST_MATH = YES;
				ONLY_ACTIVE_ARCH = YES;
				SDKROOT = iphoneos;
				SWIFT_ACTIVE_COMPILATION_CONDITIONS = "DEBUG $(inherited)";
				SWIFT_OPTIMIZATION_LEVEL = "-Onone";
			};
			name = Debug;
		};
		C5C897C82C5CFFFB0083928E /* Release */ = {
			isa = XCBuildConfiguration;
			buildSettings = {
				ALWAYS_SEARCH_USER_PATHS = NO;
				ASSETCATALOG_COMPILER_GENERATE_SWIFT_ASSET_SYMBOL_EXTENSIONS = YES;
				CLANG_ANALYZER_NONNULL = YES;
				CLANG_ANALYZER_NUMBER_OBJECT_CONVERSION = YES_AGGRESSIVE;
				CLANG_CXX_LANGUAGE_STANDARD = "gnu++20";
				CLANG_ENABLE_MODULES = YES;
				CLANG_ENABLE_OBJC_ARC = YES;
				CLANG_ENABLE_OBJC_WEAK = YES;
				CLANG_WARN_BLOCK_CAPTURE_AUTORELEASING = YES;
				CLANG_WARN_BOOL_CONVERSION = YES;
				CLANG_WARN_COMMA = YES;
				CLANG_WARN_CONSTANT_CONVERSION = YES;
				CLANG_WARN_DEPRECATED_OBJC_IMPLEMENTATIONS = YES;
				CLANG_WARN_DIRECT_OBJC_ISA_USAGE = YES_ERROR;
				CLANG_WARN_DOCUMENTATION_COMMENTS = YES;
				CLANG_WARN_EMPTY_BODY = YES;
				CLANG_WARN_ENUM_CONVERSION = YES;
				CLANG_WARN_INFINITE_RECURSION = YES;
				CLANG_WARN_INT_CONVERSION = YES;
				CLANG_WARN_NON_LITERAL_NULL_CONVERSION = YES;
				CLANG_WARN_OBJC_IMPLICIT_RETAIN_SELF = YES;
				CLANG_WARN_OBJC_LITERAL_CONVERSION = YES;
				CLANG_WARN_OBJC_ROOT_CLASS = YES_ERROR;
				CLANG_WARN_QUOTED_INCLUDE_IN_FRAMEWORK_HEADER = YES;
				CLANG_WARN_RANGE_LOOP_ANALYSIS = YES;
				CLANG_WARN_STRICT_PROTOTYPES = YES;
				CLANG_WARN_SUSPICIOUS_MOVE = YES;
				CLANG_WARN_UNGUARDED_AVAILABILITY = YES_AGGRESSIVE;
				CLANG_WARN_UNREACHABLE_CODE = YES;
				CLANG_WARN__DUPLICATE_METHOD_MATCH = YES;
				COPY_PHASE_STRIP = NO;
				DEBUG_INFORMATION_FORMAT = "dwarf-with-dsym";
				ENABLE_NS_ASSERTIONS = NO;
				ENABLE_STRICT_OBJC_MSGSEND = YES;
				ENABLE_USER_SCRIPT_SANDBOXING = YES;
				GCC_C_LANGUAGE_STANDARD = gnu17;
				GCC_NO_COMMON_BLOCKS = YES;
				GCC_WARN_64_TO_32_BIT_CONVERSION = YES;
				GCC_WARN_ABOUT_RETURN_TYPE = YES_ERROR;
				GCC_WARN_UNDECLARED_SELECTOR = YES;
				GCC_WARN_UNINITIALIZED_AUTOS = YES_AGGRESSIVE;
				GCC_WARN_UNUSED_FUNCTION = YES;
				GCC_WARN_UNUSED_VARIABLE = YES;
				IPHONEOS_DEPLOYMENT_TARGET = 17.2;
				LOCALIZATION_PREFERS_STRING_CATALOGS = YES;
				MTL_ENABLE_DEBUG_INFO = NO;
				MTL_FAST_MATH = YES;
				SDKROOT = iphoneos;
				SWIFT_COMPILATION_MODE = wholemodule;
				VALIDATE_PRODUCT = YES;
			};
			name = Release;
		};
		C5C897CA2C5CFFFB0083928E /* Debug */ = {
			isa = XCBuildConfiguration;
			buildSettings = {
				ASSETCATALOG_COMPILER_APPICON_NAME = AppIcon;
				ASSETCATALOG_COMPILER_GLOBAL_ACCENT_COLOR_NAME = AccentColor;
				CODE_SIGN_STYLE = Automatic;
				CURRENT_PROJECT_VERSION = 1;
				ENABLE_USER_SCRIPT_SANDBOXING = NO;
				GENERATE_INFOPLIST_FILE = YES;
				INFOPLIST_FILE = UserPilotSample/Info.plist;
				INFOPLIST_KEY_UIApplicationSupportsIndirectInputEvents = YES;
				INFOPLIST_KEY_UILaunchStoryboardName = LaunchScreen;
				INFOPLIST_KEY_UISupportedInterfaceOrientations_iPad = "UIInterfaceOrientationPortrait UIInterfaceOrientationPortraitUpsideDown UIInterfaceOrientationLandscapeLeft UIInterfaceOrientationLandscapeRight";
				INFOPLIST_KEY_UISupportedInterfaceOrientations_iPhone = "UIInterfaceOrientationPortrait UIInterfaceOrientationLandscapeLeft UIInterfaceOrientationLandscapeRight";
				LD_RUNPATH_SEARCH_PATHS = (
					"$(inherited)",
					"@executable_path/Frameworks",
				);
				MARKETING_VERSION = 1.0;
				PRODUCT_BUNDLE_IDENTIFIER = com.UserPilot.iOS.UserPilotSample;
				PRODUCT_NAME = "$(TARGET_NAME)";
				SWIFT_EMIT_LOC_STRINGS = YES;
				SWIFT_VERSION = 5.0;
				TARGETED_DEVICE_FAMILY = "1,2";
			};
			name = Debug;
		};
		C5C897CB2C5CFFFB0083928E /* Release */ = {
			isa = XCBuildConfiguration;
			buildSettings = {
				ASSETCATALOG_COMPILER_APPICON_NAME = AppIcon;
				ASSETCATALOG_COMPILER_GLOBAL_ACCENT_COLOR_NAME = AccentColor;
				CODE_SIGN_STYLE = Automatic;
				CURRENT_PROJECT_VERSION = 1;
				ENABLE_USER_SCRIPT_SANDBOXING = NO;
				GENERATE_INFOPLIST_FILE = YES;
				INFOPLIST_FILE = UserPilotSample/Info.plist;
				INFOPLIST_KEY_UIApplicationSupportsIndirectInputEvents = YES;
				INFOPLIST_KEY_UILaunchStoryboardName = LaunchScreen;
				INFOPLIST_KEY_UISupportedInterfaceOrientations_iPad = "UIInterfaceOrientationPortrait UIInterfaceOrientationPortraitUpsideDown UIInterfaceOrientationLandscapeLeft UIInterfaceOrientationLandscapeRight";
				INFOPLIST_KEY_UISupportedInterfaceOrientations_iPhone = "UIInterfaceOrientationPortrait UIInterfaceOrientationLandscapeLeft UIInterfaceOrientationLandscapeRight";
				LD_RUNPATH_SEARCH_PATHS = (
					"$(inherited)",
					"@executable_path/Frameworks",
				);
				MARKETING_VERSION = 1.0;
				PRODUCT_BUNDLE_IDENTIFIER = com.UserPilot.iOS.UserPilotSample;
				PRODUCT_NAME = "$(TARGET_NAME)";
				SWIFT_EMIT_LOC_STRINGS = YES;
				SWIFT_VERSION = 5.0;
				TARGETED_DEVICE_FAMILY = "1,2";
			};
			name = Release;
		};
/* End XCBuildConfiguration section */

/* Begin XCConfigurationList section */
		C5C897B02C5CFFFA0083928E /* Build configuration list for PBXProject "UserPilotSample" */ = {
			isa = XCConfigurationList;
			buildConfigurations = (
				C5C897C72C5CFFFB0083928E /* Debug */,
				C5C897C82C5CFFFB0083928E /* Release */,
			);
			defaultConfigurationIsVisible = 0;
			defaultConfigurationName = Release;
		};
		C5C897C92C5CFFFB0083928E /* Build configuration list for PBXNativeTarget "UserPilotSample" */ = {
			isa = XCConfigurationList;
			buildConfigurations = (
				C5C897CA2C5CFFFB0083928E /* Debug */,
				C5C897CB2C5CFFFB0083928E /* Release */,
			);
			defaultConfigurationIsVisible = 0;
			defaultConfigurationName = Release;
		};
/* End XCConfigurationList section */

/* Begin XCLocalSwiftPackageReference section */
		C5C897CC2C5D00090083928E /* XCLocalSwiftPackageReference "../.." */ = {
			isa = XCLocalSwiftPackageReference;
			relativePath = ../..;
		};
/* End XCLocalSwiftPackageReference section */

/* Begin XCSwiftPackageProductDependency section */
		C5C897CD2C5D00090083928E /* UserPilot */ = {
			isa = XCSwiftPackageProductDependency;
			productName = UserPilot;
		};
/* End XCSwiftPackageProductDependency section */
	};
	rootObject = C5C897AD2C5CFFFA0083928E /* Project object */;
}
