{
  "originHash" : "59b9baecb7dc39d875fb815c19c48b04c529f051fb0e66e92629ea787480c408",
  "pins" : [
    {
      "identity" : "swiftphoenixclient",
      "kind" : "remoteSourceControl",
      "location" : "https://github.com/davidstump/SwiftPhoenixClient",
      "state" : {
        "revision" : "25a4d8a3fa754ef3fb587a34addd08c7e568abc4",
        "version" : "5.3.5"
      }
    }
  ],
  "version" : 3
}
