{
  "originHash" : "60f8e1531cd47260080430503c9fe21335a999967cecb433a85970cf5df383d0",
  "pins" : [
    {
      "identity" : "swiftlintplugins",
      "kind" : "remoteSourceControl",
      "location" : "https://github.com/SimplyDanny/SwiftLintPlugins",
      "state" : {
        "revision" : "f9731bef175c3eea3a0ca960f1be78fcc2bc7853",
        "version" : "0.57.1"
      }
    },
    {
      "identity" : "swiftphoenixclient",
      "kind" : "remoteSourceControl",
      "location" : "https://github.com/davidstump/SwiftPhoenixClient",
      "state" : {
        "revision" : "e26e1bedd1e29d0c1f3be8dc3cdbae1af3e9a81e",
        "version" : "5.2.2"
      }
    }
  ],
  "version" : 3
}
