{
  "originHash" : "59b9baecb7dc39d875fb815c19c48b04c529f051fb0e66e92629ea787480c408",
  "pins" : [
    {
      "identity" : "swiftphoenixclient",
      "kind" : "remoteSourceControl",
      "location" : "https://github.com/davidstump/SwiftPhoenixClient",
      "state" : {
        "revision" : "e26e1bedd1e29d0c1f3be8dc3cdbae1af3e9a81e",
        "version" : "5.2.2"
      }
    }
  ],
  "version" : 3
}
