{
  "originHash" : "60f8e1531cd47260080430503c9fe21335a999967cecb433a85970cf5df383d0",
  "pins" : [
    {
      "identity" : "swiftlintplugins",
      "kind" : "remoteSourceControl",
      "location" : "https://github.com/SimplyDanny/SwiftLintPlugins",
      "state" : {
        "revision" : "b8431a26655378581890d56b95a0b59aba9f62da",
        "version" : "0.55.1"
      }
    },
    {
      "identity" : "swiftphoenixclient",
      "kind" : "remoteSourceControl",
      "location" : "https://github.com/davidstump/SwiftPhoenixClient",
      "state" : {
        "revision" : "f7098ca53af4c9eb2a5e43267c5db5a306c98335",
        "version" : "5.3.3"
      }
    }
  ],
  "version" : 3
}
