// !$*UTF8*$!
{
	archiveVersion = 1;
	classes = {
	};
	objectVersion = 77;
	objects = {

/* Begin PBXBuildFile section */
		ABC28A3A2F1385C100172B19 /* Userpilot in Frameworks */ = {isa = PBXBuildFile; productRef = ABC28A392F1385C100172B19 /* Userpilot */; };
/* End PBXBuildFile section */

/* Begin PBXContainerItemProxy section */
		ABC28A102F13815200172B19 /* PBXContainerItemProxy */ = {
			isa = PBXContainerItemProxy;
			containerPortal = ABC289FA2F13815100172B19 /* Project object */;
			proxyType = 1;
			remoteGlobalIDString = ABC28A012F13815100172B19;
			remoteInfo = UserpilotSwiftUISample;
		};
		ABC28A1A2F13815200172B19 /* PBXContainerItemProxy */ = {
			isa = PBXContainerItemProxy;
			containerPortal = ABC289FA2F13815100172B19 /* Project object */;
			proxyType = 1;
			remoteGlobalIDString = ABC28A012F13815100172B19;
			remoteInfo = UserpilotSwiftUISample;
		};
/* End PBXContainerItemProxy section */

/* Begin PBXFileReference section */
		ABC28A022F13815100172B19 /* UserpilotSwiftUISample.app */ = {isa = PBXFileReference; explicitFileType = wrapper.application; includeInIndex = 0; path = UserpilotSwiftUISample.app; sourceTree = BUILT_PRODUCTS_DIR; };
		ABC28A0F2F13815200172B19 /* UserpilotSwiftUISampleTests.xctest */ = {isa = PBXFileReference; explicitFileType = wrapper.cfbundle; includeInIndex = 0; path = UserpilotSwiftUISampleTests.xctest; sourceTree = BUILT_PRODUCTS_DIR; };
		ABC28A192F13815200172B19 /* UserpilotSwiftUISampleUITests.xctest */ = {isa = PBXFileReference; explicitFileType = wrapper.cfbundle; includeInIndex = 0; path = UserpilotSwiftUISampleUITests.xctest; sourceTree = BUILT_PRODUCTS_DIR; };
/* End PBXFileReference section */

/* Begin PBXFileSystemSynchronizedRootGroup section */
		ABC28A042F13815100172B19 /* UserpilotSwiftUISample */ = {
			isa = PBXFileSystemSynchronizedRootGroup;
			path = UserpilotSwiftUISample;
			sourceTree = "<group>";
		};
		ABC28A122F13815200172B19 /* UserpilotSwiftUISampleTests */ = {
			isa = PBXFileSystemSynchronizedRootGroup;
			path = UserpilotSwiftUISampleTests;
			sourceTree = "<group>";
		};
		ABC28A1C2F13815200172B19 /* UserpilotSwiftUISampleUITests */ = {
			isa = PBXFileSystemSynchronizedRootGroup;
			path = UserpilotSwiftUISampleUITests;
			sourceTree = "<group>";
		};
/* End PBXFileSystemSynchronizedRootGroup section */

/* Begin PBXFrameworksBuildPhase section */
		ABC289FF2F13815100172B19 /* Frameworks */ = {
			isa = PBXFrameworksBuildPhase;
			buildActionMask = 2147483647;
			files = (
				ABC28A3A2F1385C100172B19 /* Userpilot in Frameworks */,
			);
			runOnlyForDeploymentPostprocessing = 0;
		};
		ABC28A0C2F13815200172B19 /* Frameworks */ = {
			isa = PBXFrameworksBuildPhase;
			buildActionMask = 2147483647;
			files = (
			);
			runOnlyForDeploymentPostprocessing = 0;
		};
		ABC28A162F13815200172B19 /* Frameworks */ = {
			isa = PBXFrameworksBuildPhase;
			buildActionMask = 2147483647;
			files = (
			);
			runOnlyForDeploymentPostprocessing = 0;
		};
/* End PBXFrameworksBuildPhase section */

/* Begin PBXGroup section */
		ABC289F92F13815100172B19 = {
			isa = PBXGroup;
			children = (
				ABC28A042F13815100172B19 /* UserpilotSwiftUISample */,
				ABC28A122F13815200172B19 /* UserpilotSwiftUISampleTests */,
				ABC28A1C2F13815200172B19 /* UserpilotSwiftUISampleUITests */,
				ABC28A032F13815100172B19 /* Products */,
			);
			sourceTree = "<group>";
		};
		ABC28A032F13815100172B19 /* Products */ = {
			isa = PBXGroup;
			children = (
				ABC28A022F13815100172B19 /* UserpilotSwiftUISample.app */,
				ABC28A0F2F13815200172B19 /* UserpilotSwiftUISampleTests.xctest */,
				ABC28A192F13815200172B19 /* UserpilotSwiftUISampleUITests.xctest */,
			);
			name = Products;
			sourceTree = "<group>";
		};
/* End PBXGroup section */

/* Begin PBXNativeTarget section */
		ABC28A012F13815100172B19 /* UserpilotSwiftUISample */ = {
			isa = PBXNativeTarget;
			buildConfigurationList = ABC28A232F13815200172B19 /* Build configuration list for PBXNativeTarget "UserpilotSwiftUISample" */;
			buildPhases = (
				ABC289FE2F13815100172B19 /* Sources */,
				ABC289FF2F13815100172B19 /* Frameworks */,
				ABC28A002F13815100172B19 /* Resources */,
			);
			buildRules = (
			);
			dependencies = (
			);
			fileSystemSynchronizedGroups = (
				ABC28A042F13815100172B19 /* UserpilotSwiftUISample */,
			);
			name = UserpilotSwiftUISample;
			packageProductDependencies = (
				ABC28A392F1385C100172B19 /* Userpilot */,
			);
			productName = UserpilotSwiftUISample;
			productReference = ABC28A022F13815100172B19 /* UserpilotSwiftUISample.app */;
			productType = "com.apple.product-type.application";
		};
		ABC28A0E2F13815200172B19 /* UserpilotSwiftUISampleTests */ = {
			isa = PBXNativeTarget;
			buildConfigurationList = ABC28A262F13815200172B19 /* Build configuration list for PBXNativeTarget "UserpilotSwiftUISampleTests" */;
			buildPhases = (
				ABC28A0B2F13815200172B19 /* Sources */,
				ABC28A0C2F13815200172B19 /* Frameworks */,
				ABC28A0D2F13815200172B19 /* Resources */,
			);
			buildRules = (
			);
			dependencies = (
				ABC28A112F13815200172B19 /* PBXTargetDependency */,
			);
			fileSystemSynchronizedGroups = (
				ABC28A122F13815200172B19 /* UserpilotSwiftUISampleTests */,
			);
			name = UserpilotSwiftUISampleTests;
			packageProductDependencies = (
			);
			productName = UserpilotSwiftUISampleTests;
			productReference = ABC28A0F2F13815200172B19 /* UserpilotSwiftUISampleTests.xctest */;
			productType = "com.apple.product-type.bundle.unit-test";
		};
		ABC28A182F13815200172B19 /* UserpilotSwiftUISampleUITests */ = {
			isa = PBXNativeTarget;
			buildConfigurationList = ABC28A292F13815200172B19 /* Build configuration list for PBXNativeTarget "UserpilotSwiftUISampleUITests" */;
			buildPhases = (
				ABC28A152F13815200172B19 /* Sources */,
				ABC28A162F13815200172B19 /* Frameworks */,
				ABC28A172F13815200172B19 /* Resources */,
			);
			buildRules = (
			);
			dependencies = (
				ABC28A1B2F13815200172B19 /* PBXTargetDependency */,
			);
			fileSystemSynchronizedGroups = (
				ABC28A1C2F13815200172B19 /* UserpilotSwiftUISampleUITests */,
			);
			name = UserpilotSwiftUISampleUITests;
			packageProductDependencies = (
			);
			productName = UserpilotSwiftUISampleUITests;
			productReference = ABC28A192F13815200172B19 /* UserpilotSwiftUISampleUITests.xctest */;
			productType = "com.apple.product-type.bundle.ui-testing";
		};
/* End PBXNativeTarget section */

/* Begin PBXProject section */
		ABC289FA2F13815100172B19 /* Project object */ = {
			isa = PBXProject;
			attributes = {
				BuildIndependentTargetsInParallel = 1;
				LastSwiftUpdateCheck = 2620;
				LastUpgradeCheck = 2620;
				TargetAttributes = {
					ABC28A012F13815100172B19 = {
						CreatedOnToolsVersion = 26.2;
					};
					ABC28A0E2F13815200172B19 = {
						CreatedOnToolsVersion = 26.2;
						TestTargetID = ABC28A012F13815100172B19;
					};
					ABC28A182F13815200172B19 = {
						CreatedOnToolsVersion = 26.2;
						TestTargetID = ABC28A012F13815100172B19;
					};
				};
			};
			buildConfigurationList = ABC289FD2F13815100172B19 /* Build configuration list for PBXProject "UserpilotSwiftUISample" */;
			developmentRegion = en;
			hasScannedForEncodings = 0;
			knownRegions = (
				en,
				Base,
			);
			mainGroup = ABC289F92F13815100172B19;
			minimizedProjectReferenceProxies = 1;
			packageReferences = (
				ABC28A382F1385C100172B19 /* XCLocalSwiftPackageReference "../../../ios-sdk" */,
			);
			preferredProjectObjectVersion = 77;
			productRefGroup = ABC28A032F13815100172B19 /* Products */;
			projectDirPath = "";
			projectRoot = "";
			targets = (
				ABC28A012F13815100172B19 /* UserpilotSwiftUISample */,
				ABC28A0E2F13815200172B19 /* UserpilotSwiftUISampleTests */,
				ABC28A182F13815200172B19 /* UserpilotSwiftUISampleUITests */,
			);
		};
/* End PBXProject section */

/* Begin PBXResourcesBuildPhase section */
		ABC28A002F13815100172B19 /* Resources */ = {
			isa = PBXResourcesBuildPhase;
			buildActionMask = 2147483647;
			files = (
			);
			runOnlyForDeploymentPostprocessing = 0;
		};
		ABC28A0D2F13815200172B19 /* Resources */ = {
			isa = PBXResourcesBuildPhase;
			buildActionMask = 2147483647;
			files = (
			);
			runOnlyForDeploymentPostprocessing = 0;
		};
		ABC28A172F13815200172B19 /* Resources */ = {
			isa = PBXResourcesBuildPhase;
			buildActionMask = 2147483647;
			files = (
			);
			runOnlyForDeploymentPostprocessing = 0;
		};
/* End PBXResourcesBuildPhase section */

/* Begin PBXSourcesBuildPhase section */
		ABC289FE2F13815100172B19 /* Sources */ = {
			isa = PBXSourcesBuildPhase;
			buildActionMask = 2147483647;
			files = (
			);
			runOnlyForDeploymentPostprocessing = 0;
		};
		ABC28A0B2F13815200172B19 /* Sources */ = {
			isa = PBXSourcesBuildPhase;
			buildActionMask = 2147483647;
			files = (
			);
			runOnlyForDeploymentPostprocessing = 0;
		};
		ABC28A152F13815200172B19 /* Sources */ = {
			isa = PBXSourcesBuildPhase;
			buildActionMask = 2147483647;
			files = (
			);
			runOnlyForDeploymentPostprocessing = 0;
		};
/* End PBXSourcesBuildPhase section */

/* Begin PBXTargetDependency section */
		ABC28A112F13815200172B19 /* PBXTargetDependency */ = {
			isa = PBXTargetDependency;
			target = ABC28A012F13815100172B19 /* UserpilotSwiftUISample */;
			targetProxy = ABC28A102F13815200172B19 /* PBXContainerItemProxy */;
		};
		ABC28A1B2F13815200172B19 /* PBXTargetDependency */ = {
			isa = PBXTargetDependency;
			target = ABC28A012F13815100172B19 /* UserpilotSwiftUISample */;
			targetProxy = ABC28A1A2F13815200172B19 /* PBXContainerItemProxy */;
		};
/* End PBXTargetDependency section */

/* Begin XCBuildConfiguration section */
		ABC28A212F13815200172B19 /* Debug */ = {
			isa = XCBuildConfiguration;
			buildSettings = {
				ALWAYS_SEARCH_USER_PATHS = NO;
				ASSETCATALOG_COMPILER_GENERATE_SWIFT_ASSET_SYMBOL_EXTENSIONS = YES;
				CLANG_ANALYZER_NONNULL = YES;
				CLANG_ANALYZER_NUMBER_OBJECT_CONVERSION = YES_AGGRESSIVE;
				CLANG_CXX_LANGUAGE_STANDARD = "gnu++20";
				CLANG_ENABLE_MODULES = YES;
				CLANG_ENABLE_OBJC_ARC = YES;
				CLANG_ENABLE_OBJC_WEAK = YES;
				CLANG_WARN_BLOCK_CAPTURE_AUTORELEASING = YES;
				CLANG_WARN_BOOL_CONVERSION = YES;
				CLANG_WARN_COMMA = YES;
				CLANG_WARN_CONSTANT_CONVERSION = YES;
				CLANG_WARN_DEPRECATED_OBJC_IMPLEMENTATIONS = YES;
				CLANG_WARN_DIRECT_OBJC_ISA_USAGE = YES_ERROR;
				CLANG_WARN_DOCUMENTATION_COMMENTS = YES;
				CLANG_WARN_EMPTY_BODY = YES;
				CLANG_WARN_ENUM_CONVERSION = YES;
				CLANG_WARN_INFINITE_RECURSION = YES;
				CLANG_WARN_INT_CONVERSION = YES;
				CLANG_WARN_NON_LITERAL_NULL_CONVERSION = YES;
				CLANG_WARN_OBJC_IMPLICIT_RETAIN_SELF = YES;
				CLANG_WARN_OBJC_LITERAL_CONVERSION = YES;
				CLANG_WARN_OBJC_ROOT_CLASS = YES_ERROR;
				CLANG_WARN_QUOTED_INCLUDE_IN_FRAMEWORK_HEADER = YES;
				CLANG_WARN_RANGE_LOOP_ANALYSIS = YES;
				CLANG_WARN_STRICT_PROTOTYPES = YES;
				CLANG_WARN_SUSPICIOUS_MOVE = YES;
				CLANG_WARN_UNGUARDED_AVAILABILITY = YES_AGGRESSIVE;
				CLANG_WARN_UNREACHABLE_CODE = YES;
				CLANG_WARN__DUPLICATE_METHOD_MATCH = YES;
				COPY_PHASE_STRIP = NO;
				DEBUG_INFORMATION_FORMAT = dwarf;
				ENABLE_STRICT_OBJC_MSGSEND = YES;
				ENABLE_TESTABILITY = YES;
				ENABLE_USER_SCRIPT_SANDBOXING = YES;
				GCC_C_LANGUAGE_STANDARD = gnu17;
				GCC_DYNAMIC_NO_PIC = NO;
				GCC_NO_COMMON_BLOCKS = YES;
				GCC_OPTIMIZATION_LEVEL = 0;
				GCC_PREPROCESSOR_DEFINITIONS = (
					"DEBUG=1",
					"$(inherited)",
				);
				GCC_WARN_64_TO_32_BIT_CONVERSION = YES;
				GCC_WARN_ABOUT_RETURN_TYPE = YES_ERROR;
				GCC_WARN_UNDECLARED_SELECTOR = YES;
				GCC_WARN_UNINITIALIZED_AUTOS = YES_AGGRESSIVE;
				GCC_WARN_UNUSED_FUNCTION = YES;
				GCC_WARN_UNUSED_VARIABLE = YES;
				IPHONEOS_DEPLOYMENT_TARGET = 26.2;
				LOCALIZATION_PREFERS_STRING_CATALOGS = YES;
				MTL_ENABLE_DEBUG_INFO = INCLUDE_SOURCE;
				MTL_FAST_MATH = YES;
				ONLY_ACTIVE_ARCH = YES;
				SDKROOT = iphoneos;
				SWIFT_ACTIVE_COMPILATION_CONDITIONS = "DEBUG $(inherited)";
				SWIFT_OPTIMIZATION_LEVEL = "-Onone";
			};
			name = Debug;
		};
		ABC28A222F13815200172B19 /* Release */ = {
			isa = XCBuildConfiguration;
			buildSettings = {
				ALWAYS_SEARCH_USER_PATHS = NO;
				ASSETCATALOG_COMPILER_GENERATE_SWIFT_ASSET_SYMBOL_EXTENSIONS = YES;
				CLANG_ANALYZER_NONNULL = YES;
				CLANG_ANALYZER_NUMBER_OBJECT_CONVERSION = YES_AGGRESSIVE;
				CLANG_CXX_LANGUAGE_STANDARD = "gnu++20";
				CLANG_ENABLE_MODULES = YES;
				CLANG_ENABLE_OBJC_ARC = YES;
				CLANG_ENABLE_OBJC_WEAK = YES;
				CLANG_WARN_BLOCK_CAPTURE_AUTORELEASING = YES;
				CLANG_WARN_BOOL_CONVERSION = YES;
				CLANG_WARN_COMMA = YES;
				CLANG_WARN_CONSTANT_CONVERSION = YES;
				CLANG_WARN_DEPRECATED_OBJC_IMPLEMENTATIONS = YES;
				CLANG_WARN_DIRECT_OBJC_ISA_USAGE = YES_ERROR;
				CLANG_WARN_DOCUMENTATION_COMMENTS = YES;
				CLANG_WARN_EMPTY_BODY = YES;
				CLANG_WARN_ENUM_CONVERSION = YES;
				CLANG_WARN_INFINITE_RECURSION = YES;
				CLANG_WARN_INT_CONVERSION = YES;
				CLANG_WARN_NON_LITERAL_NULL_CONVERSION = YES;
				CLANG_WARN_OBJC_IMPLICIT_RETAIN_SELF = YES;
				CLANG_WARN_OBJC_LITERAL_CONVERSION = YES;
				CLANG_WARN_OBJC_ROOT_CLASS = YES_ERROR;
				CLANG_WARN_QUOTED_INCLUDE_IN_FRAMEWORK_HEADER = YES;
				CLANG_WARN_RANGE_LOOP_ANALYSIS = YES;
				CLANG_WARN_STRICT_PROTOTYPES = YES;
				CLANG_WARN_SUSPICIOUS_MOVE = YES;
				CLANG_WARN_UNGUARDED_AVAILABILITY = YES_AGGRESSIVE;
				CLANG_WARN_UNREACHABLE_CODE = YES;
				CLANG_WARN__DUPLICATE_METHOD_MATCH = YES;
				COPY_PHASE_STRIP = NO;
				DEBUG_INFORMATION_FORMAT = "dwarf-with-dsym";
				ENABLE_NS_ASSERTIONS = NO;
				ENABLE_STRICT_OBJC_MSGSEND = YES;
				ENABLE_USER_SCRIPT_SANDBOXING = YES;
				GCC_C_LANGUAGE_STANDARD = gnu17;
				GCC_NO_COMMON_BLOCKS = YES;
				GCC_WARN_64_TO_32_BIT_CONVERSION = YES;
				GCC_WARN_ABOUT_RETURN_TYPE = YES_ERROR;
				GCC_WARN_UNDECLARED_SELECTOR = YES;
				GCC_WARN_UNINITIALIZED_AUTOS = YES_AGGRESSIVE;
				GCC_WARN_UNUSED_FUNCTION = YES;
				GCC_WARN_UNUSED_VARIABLE = YES;
				IPHONEOS_DEPLOYMENT_TARGET = 26.2;
				LOCALIZATION_PREFERS_STRING_CATALOGS = YES;
				MTL_ENABLE_DEBUG_INFO = NO;
				MTL_FAST_MATH = YES;
				SDKROOT = iphoneos;
				SWIFT_COMPILATION_MODE = wholemodule;
				VALIDATE_PRODUCT = YES;
			};
			name = Release;
		};
		ABC28A242F13815200172B19 /* Debug */ = {
			isa = XCBuildConfiguration;
			buildSettings = {
				ASSETCATALOG_COMPILER_APPICON_NAME = AppIcon;
				ASSETCATALOG_COMPILER_GLOBAL_ACCENT_COLOR_NAME = AccentColor;
				CODE_SIGN_STYLE = Automatic;
				CURRENT_PROJECT_VERSION = 1;
				DEVELOPMENT_TEAM = YXTPH2TH3D;
				ENABLE_PREVIEWS = YES;
				GENERATE_INFOPLIST_FILE = YES;
				INFOPLIST_KEY_UIApplicationSceneManifest_Generation = YES;
				INFOPLIST_KEY_UIApplicationSupportsIndirectInputEvents = YES;
				INFOPLIST_KEY_UILaunchScreen_Generation = YES;
				INFOPLIST_KEY_UISupportedInterfaceOrientations_iPad = "UIInterfaceOrientationPortrait UIInterfaceOrientationPortraitUpsideDown UIInterfaceOrientationLandscapeLeft UIInterfaceOrientationLandscapeRight";
				INFOPLIST_KEY_UISupportedInterfaceOrientations_iPhone = "UIInterfaceOrientationPortrait UIInterfaceOrientationLandscapeLeft UIInterfaceOrientationLandscapeRight";
				LD_RUNPATH_SEARCH_PATHS = (
					"$(inherited)",
					"@executable_path/Frameworks",
				);
				MARKETING_VERSION = 1.0;
				PRODUCT_BUNDLE_IDENTIFIER = com.userpilot.swiftui.UserpilotSwiftUISample;
				PRODUCT_NAME = "$(TARGET_NAME)";
				STRING_CATALOG_GENERATE_SYMBOLS = YES;
				SWIFT_APPROACHABLE_CONCURRENCY = YES;
				SWIFT_DEFAULT_ACTOR_ISOLATION = MainActor;
				SWIFT_EMIT_LOC_STRINGS = YES;
				SWIFT_UPCOMING_FEATURE_MEMBER_IMPORT_VISIBILITY = YES;
				SWIFT_VERSION = 5.0;
				TARGETED_DEVICE_FAMILY = "1,2";
			};
			name = Debug;
		};
		ABC28A252F13815200172B19 /* Release */ = {
			isa = XCBuildConfiguration;
			buildSettings = {
				ASSETCATALOG_COMPILER_APPICON_NAME = AppIcon;
				ASSETCATALOG_COMPILER_GLOBAL_ACCENT_COLOR_NAME = AccentColor;
				CODE_SIGN_STYLE = Automatic;
				CURRENT_PROJECT_VERSION = 1;
				DEVELOPMENT_TEAM = YXTPH2TH3D;
				ENABLE_PREVIEWS = YES;
				GENERATE_INFOPLIST_FILE = YES;
				INFOPLIST_KEY_UIApplicationSceneManifest_Generation = YES;
				INFOPLIST_KEY_UIApplicationSupportsIndirectInputEvents = YES;
				INFOPLIST_KEY_UILaunchScreen_Generation = YES;
				INFOPLIST_KEY_UISupportedInterfaceOrientations_iPad = "UIInterfaceOrientationPortrait UIInterfaceOrientationPortraitUpsideDown UIInterfaceOrientationLandscapeLeft UIInterfaceOrientationLandscapeRight";
				INFOPLIST_KEY_UISupportedInterfaceOrientations_iPhone = "UIInterfaceOrientationPortrait UIInterfaceOrientationLandscapeLeft UIInterfaceOrientationLandscapeRight";
				LD_RUNPATH_SEARCH_PATHS = (
					"$(inherited)",
					"@executable_path/Frameworks",
				);
				MARKETING_VERSION = 1.0;
				PRODUCT_BUNDLE_IDENTIFIER = com.userpilot.swiftui.UserpilotSwiftUISample;
				PRODUCT_NAME = "$(TARGET_NAME)";
				STRING_CATALOG_GENERATE_SYMBOLS = YES;
				SWIFT_APPROACHABLE_CONCURRENCY = YES;
				SWIFT_DEFAULT_ACTOR_ISOLATION = MainActor;
				SWIFT_EMIT_LOC_STRINGS = YES;
				SWIFT_UPCOMING_FEATURE_MEMBER_IMPORT_VISIBILITY = YES;
				SWIFT_VERSION = 5.0;
				TARGETED_DEVICE_FAMILY = "1,2";
			};
			name = Release;
		};
		ABC28A272F13815200172B19 /* Debug */ = {
			isa = XCBuildConfiguration;
			buildSettings = {
				BUNDLE_LOADER = "$(TEST_HOST)";
				CODE_SIGN_STYLE = Automatic;
				CURRENT_PROJECT_VERSION = 1;
				DEVELOPMENT_TEAM = YXTPH2TH3D;
				GENERATE_INFOPLIST_FILE = YES;
				IPHONEOS_DEPLOYMENT_TARGET = 26.2;
				MARKETING_VERSION = 1.0;
				PRODUCT_BUNDLE_IDENTIFIER = com.userpilot.swiftui.UserpilotSwiftUISampleTests;
				PRODUCT_NAME = "$(TARGET_NAME)";
				STRING_CATALOG_GENERATE_SYMBOLS = NO;
				SWIFT_APPROACHABLE_CONCURRENCY = YES;
				SWIFT_EMIT_LOC_STRINGS = NO;
				SWIFT_UPCOMING_FEATURE_MEMBER_IMPORT_VISIBILITY = YES;
				SWIFT_VERSION = 5.0;
				TARGETED_DEVICE_FAMILY = "1,2";
				TEST_HOST = "$(BUILT_PRODUCTS_DIR)/UserpilotSwiftUISample.app/$(BUNDLE_EXECUTABLE_FOLDER_PATH)/UserpilotSwiftUISample";
			};
			name = Debug;
		};
		ABC28A282F13815200172B19 /* Release */ = {
			isa = XCBuildConfiguration;
			buildSettings = {
				BUNDLE_LOADER = "$(TEST_HOST)";
				CODE_SIGN_STYLE = Automatic;
				CURRENT_PROJECT_VERSION = 1;
				DEVELOPMENT_TEAM = YXTPH2TH3D;
				GENERATE_INFOPLIST_FILE = YES;
				IPHONEOS_DEPLOYMENT_TARGET = 26.2;
				MARKETING_VERSION = 1.0;
				PRODUCT_BUNDLE_IDENTIFIER = com.userpilot.swiftui.UserpilotSwiftUISampleTests;
				PRODUCT_NAME = "$(TARGET_NAME)";
				STRING_CATALOG_GENERATE_SYMBOLS = NO;
				SWIFT_APPROACHABLE_CONCURRENCY = YES;
				SWIFT_EMIT_LOC_STRINGS = NO;
				SWIFT_UPCOMING_FEATURE_MEMBER_IMPORT_VISIBILITY = YES;
				SWIFT_VERSION = 5.0;
				TARGETED_DEVICE_FAMILY = "1,2";
				TEST_HOST = "$(BUILT_PRODUCTS_DIR)/UserpilotSwiftUISample.app/$(BUNDLE_EXECUTABLE_FOLDER_PATH)/UserpilotSwiftUISample";
			};
			name = Release;
		};
		ABC28A2A2F13815200172B19 /* Debug */ = {
			isa = XCBuildConfiguration;
			buildSettings = {
				CODE_SIGN_STYLE = Automatic;
				CURRENT_PROJECT_VERSION = 1;
				GENERATE_INFOPLIST_FILE = YES;
				MARKETING_VERSION = 1.0;
				PRODUCT_BUNDLE_IDENTIFIER = com.userpilot.swiftui.UserpilotSwiftUISampleUITests;
				PRODUCT_NAME = "$(TARGET_NAME)";
				STRING_CATALOG_GENERATE_SYMBOLS = NO;
				SWIFT_APPROACHABLE_CONCURRENCY = YES;
				SWIFT_EMIT_LOC_STRINGS = NO;
				SWIFT_UPCOMING_FEATURE_MEMBER_IMPORT_VISIBILITY = YES;
				SWIFT_VERSION = 5.0;
				TARGETED_DEVICE_FAMILY = "1,2";
				TEST_TARGET_NAME = UserpilotSwiftUISample;
			};
			name = Debug;
		};
		ABC28A2B2F13815200172B19 /* Release */ = {
			isa = XCBuildConfiguration;
			buildSettings = {
				CODE_SIGN_STYLE = Automatic;
				CURRENT_PROJECT_VERSION = 1;
				GENERATE_INFOPLIST_FILE = YES;
				MARKETING_VERSION = 1.0;
				PRODUCT_BUNDLE_IDENTIFIER = com.userpilot.swiftui.UserpilotSwiftUISampleUITests;
				PRODUCT_NAME = "$(TARGET_NAME)";
				STRING_CATALOG_GENERATE_SYMBOLS = NO;
				SWIFT_APPROACHABLE_CONCURRENCY = YES;
				SWIFT_EMIT_LOC_STRINGS = NO;
				SWIFT_UPCOMING_FEATURE_MEMBER_IMPORT_VISIBILITY = YES;
				SWIFT_VERSION = 5.0;
				TARGETED_DEVICE_FAMILY = "1,2";
				TEST_TARGET_NAME = UserpilotSwiftUISample;
			};
			name = Release;
		};
/* End XCBuildConfiguration section */

/* Begin XCConfigurationList section */
		ABC289FD2F13815100172B19 /* Build configuration list for PBXProject "UserpilotSwiftUISample" */ = {
			isa = XCConfigurationList;
			buildConfigurations = (
				ABC28A212F13815200172B19 /* Debug */,
				ABC28A222F13815200172B19 /* Release */,
			);
			defaultConfigurationIsVisible = 0;
			defaultConfigurationName = Release;
		};
		ABC28A232F13815200172B19 /* Build configuration list for PBXNativeTarget "UserpilotSwiftUISample" */ = {
			isa = XCConfigurationList;
			buildConfigurations = (
				ABC28A242F13815200172B19 /* Debug */,
				ABC28A252F13815200172B19 /* Release */,
			);
			defaultConfigurationIsVisible = 0;
			defaultConfigurationName = Release;
		};
		ABC28A262F13815200172B19 /* Build configuration list for PBXNativeTarget "UserpilotSwiftUISampleTests" */ = {
			isa = XCConfigurationList;
			buildConfigurations = (
				ABC28A272F13815200172B19 /* Debug */,
				ABC28A282F13815200172B19 /* Release */,
			);
			defaultConfigurationIsVisible = 0;
			defaultConfigurationName = Release;
		};
		ABC28A292F13815200172B19 /* Build configuration list for PBXNativeTarget "UserpilotSwiftUISampleUITests" */ = {
			isa = XCConfigurationList;
			buildConfigurations = (
				ABC28A2A2F13815200172B19 /* Debug */,
				ABC28A2B2F13815200172B19 /* Release */,
			);
			defaultConfigurationIsVisible = 0;
			defaultConfigurationName = Release;
		};
/* End XCConfigurationList section */

/* Begin XCLocalSwiftPackageReference section */
		ABC28A382F1385C100172B19 /* XCLocalSwiftPackageReference "../../../ios-sdk" */ = {
			isa = XCLocalSwiftPackageReference;
			relativePath = "../../../ios-sdk";
		};
/* End XCLocalSwiftPackageReference section */

/* Begin XCSwiftPackageProductDependency section */
		ABC28A392F1385C100172B19 /* Userpilot */ = {
			isa = XCSwiftPackageProductDependency;
			productName = Userpilot;
		};
/* End XCSwiftPackageProductDependency section */
	};
	rootObject = ABC289FA2F13815100172B19 /* Project object */;
}
